// !$*UTF8*$!
{
	archiveVersion = 1;
	classes = {
	};
	objectVersion = 55;
	objects = {

/* Begin PBXBuildFile section */
		F102C73228930C9000C6B6AD /* AppDelegate.swift in Sources */ = {isa = PBXBuildFile; fileRef = F102C73128930C9000C6B6AD /* AppDelegate.swift */; };
		F102C73428930C9000C6B6AD /* SceneDelegate.swift in Sources */ = {isa = PBXBuildFile; fileRef = F102C73328930C9000C6B6AD /* SceneDelegate.swift */; };
		F102C73628930C9000C6B6AD /* ViewController.swift in Sources */ = {isa = PBXBuildFile; fileRef = F102C73528930C9000C6B6AD /* ViewController.swift */; };
		F102C73928930C9000C6B6AD /* Main.storyboard in Resources */ = {isa = PBXBuildFile; fileRef = F102C73728930C9000C6B6AD /* Main.storyboard */; };
		F102C73B28930C9400C6B6AD /* Assets.xcassets in Resources */ = {isa = PBXBuildFile; fileRef = F102C73A28930C9400C6B6AD /* Assets.xcassets */; };
		F102C73E28930C9400C6B6AD /* LaunchScreen.storyboard in Resources */ = {isa = PBXBuildFile; fileRef = F102C73C28930C9400C6B6AD /* LaunchScreen.storyboard */; };
		F102C74828930CF900C6B6AD /* addonsTableViewCell.xib in Resources */ = {isa = PBXBuildFile; fileRef = F102C74628930CF800C6B6AD /* addonsTableViewCell.xib */; };
		F102C74928930CF900C6B6AD /* addonsTableViewCell.swift in Sources */ = {isa = PBXBuildFile; fileRef = F102C74728930CF900C6B6AD /* addonsTableViewCell.swift */; };
/* End PBXBuildFile section */

/* Begin PBXFileReference section */
		F102C72E28930C9000C6B6AD /* tableSelectMaxNumber.app */ = {isa = PBXFileReference; explicitFileType = wrapper.application; includeInIndex = 0; path = tableSelectMaxNumber.app; sourceTree = BUILT_PRODUCTS_DIR; };
		F102C73128930C9000C6B6AD /* AppDelegate.swift */ = {isa = PBXFileReference; lastKnownFileType = sourcecode.swift; path = AppDelegate.swift; sourceTree = "<group>"; };
		F102C73328930C9000C6B6AD /* SceneDelegate.swift */ = {isa = PBXFileReference; lastKnownFileType = sourcecode.swift; path = SceneDelegate.swift; sourceTree = "<group>"; };
		F102C73528930C9000C6B6AD /* ViewController.swift */ = {isa = PBXFileReference; lastKnownFileType = sourcecode.swift; path = ViewController.swift; sourceTree = "<group>"; };
		F102C73828930C9000C6B6AD /* Base */ = {isa = PBXFileReference; lastKnownFileType = file.storyboard; name = Base; path = Base.lproj/Main.storyboard; sourceTree = "<group>"; };
		F102C73A28930C9400C6B6AD /* Assets.xcassets */ = {isa = PBXFileReference; lastKnownFileType = folder.assetcatalog; path = Assets.xcassets; sourceTree = "<group>"; };
		F102C73D28930C9400C6B6AD /* Base */ = {isa = PBXFileReference; lastKnownFileType = file.storyboard; name = Base; path = Base.lproj/LaunchScreen.storyboard; sourceTree = "<group>"; };
		F102C73F28930C9400C6B6AD /* Info.plist */ = {isa = PBXFileReference; lastKnownFileType = text.plist.xml; path = Info.plist; sourceTree = "<group>"; };
		F102C74628930CF800C6B6AD /* addonsTableViewCell.xib */ = {isa = PBXFileReference; fileEncoding = 4; lastKnownFileType = file.xib; path = addonsTableViewCell.xib; sourceTree = "<group>"; };
		F102C74728930CF900C6B6AD /* addonsTableViewCell.swift */ = {isa = PBXFileReference; fileEncoding = 4; lastKnownFileType = sourcecode.swift; path = addonsTableViewCell.swift; sourceTree = "<group>"; };
/* End PBXFileReference section */

/* Begin PBXFrameworksBuildPhase section */
		F102C72B28930C9000C6B6AD /* Frameworks */ = {
			isa = PBXFrameworksBuildPhase;
			buildActionMask = 2147483647;
			files = (
			);
			runOnlyForDeploymentPostprocessing = 0;
		};
/* End PBXFrameworksBuildPhase section */

/* Begin PBXGroup section */
		F102C72528930C9000C6B6AD = {
			isa = PBXGroup;
			children = (
				F102C73028930C9000C6B6AD /* tableSelectMaxNumber */,
				F102C72F28930C9000C6B6AD /* Products */,
			);
			sourceTree = "<group>";
		};
		F102C72F28930C9000C6B6AD /* Products */ = {
			isa = PBXGroup;
			children = (
				F102C72E28930C9000C6B6AD /* tableSelectMaxNumber.app */,
			);
			name = Products;
			sourceTree = "<group>";
		};
		F102C73028930C9000C6B6AD /* tableSelectMaxNumber */ = {
			isa = PBXGroup;
			children = (
				F102C74528930CC500C6B6AD /* CustomCell */,
				F102C73128930C9000C6B6AD /* AppDelegate.swift */,
				F102C73328930C9000C6B6AD /* SceneDelegate.swift */,
				F102C73528930C9000C6B6AD /* ViewController.swift */,
				F102C73728930C9000C6B6AD /* Main.storyboard */,
				F102C73A28930C9400C6B6AD /* Assets.xcassets */,
				F102C73C28930C9400C6B6AD /* LaunchScreen.storyboard */,
				F102C73F28930C9400C6B6AD /* Info.plist */,
			);
			path = tableSelectMaxNumber;
			sourceTree = "<group>";
		};
		F102C74528930CC500C6B6AD /* CustomCell */ = {
			isa = PBXGroup;
			children = (
				F102C74728930CF900C6B6AD /* addonsTableViewCell.swift */,
				F102C74628930CF800C6B6AD /* addonsTableViewCell.xib */,
			);
			path = CustomCell;
			sourceTree = "<group>";
		};
/* End PBXGroup section */

/* Begin PBXNativeTarget section */
		F102C72D28930C9000C6B6AD /* tableSelectMaxNumber */ = {
			isa = PBXNativeTarget;
			buildConfigurationList = F102C74228930C9400C6B6AD /* Build configuration list for PBXNativeTarget "tableSelectMaxNumber" */;
			buildPhases = (
				F102C72A28930C9000C6B6AD /* Sources */,
				F102C72B28930C9000C6B6AD /* Frameworks */,
				F102C72C28930C9000C6B6AD /* Resources */,
			);
			buildRules = (
			);
			dependencies = (
			);
			name = tableSelectMaxNumber;
			productName = tableSelectMaxNumber;
			productReference = F102C72E28930C9000C6B6AD /* tableSelectMaxNumber.app */;
			productType = "com.apple.product-type.application";
		};
/* End PBXNativeTarget section */

/* Begin PBXProject section */
		F102C72628930C9000C6B6AD /* Project object */ = {
			isa = PBXProject;
			attributes = {
				BuildIndependentTargetsInParallel = 1;
				LastSwiftUpdateCheck = 1340;
				LastUpgradeCheck = 1340;
				TargetAttributes = {
					F102C72D28930C9000C6B6AD = {
						CreatedOnToolsVersion = 13.4.1;
					};
				};
			};
			buildConfigurationList = F102C72928930C9000C6B6AD /* Build configuration list for PBXProject "tableSelectMaxNumber" */;
			compatibilityVersion = "Xcode 13.0";
			developmentRegion = en;
			hasScannedForEncodings = 0;
			knownRegions = (
				en,
				Base,
			);
			mainGroup = F102C72528930C9000C6B6AD;
			productRefGroup = F102C72F28930C9000C6B6AD /* Products */;
			projectDirPath = "";
			projectRoot = "";
			targets = (
				F102C72D28930C9000C6B6AD /* tableSelectMaxNumber */,
			);
		};
/* End PBXProject section */

/* Begin PBXResourcesBuildPhase section */
		F102C72C28930C9000C6B6AD /* Resources */ = {
			isa = PBXResourcesBuildPhase;
			buildActionMask = 2147483647;
			files = (
				F102C74828930CF900C6B6AD /* addonsTableViewCell.xib in Resources */,
				F102C73E28930C9400C6B6AD /* LaunchScreen.storyboard in Resources */,
				F102C73B28930C9400C6B6AD /* Assets.xcassets in Resources */,
				F102C73928930C9000C6B6AD /* Main.storyboard in Resources */,
			);
			runOnlyForDeploymentPostprocessing = 0;
		};
/* End PBXResourcesBuildPhase section */

/* Begin PBXSourcesBuildPhase section */
		F102C72A28930C9000C6B6AD /* Sources */ = {
			isa = PBXSourcesBuildPhase;
			buildActionMask = 2147483647;
			files = (
				F102C74928930CF900C6B6AD /* addonsTableViewCell.swift in Sources */,
				F102C73628930C9000C6B6AD /* ViewController.swift in Sources */,
				F102C73228930C9000C6B6AD /* AppDelegate.swift in Sources */,
				F102C73428930C9000C6B6AD /* SceneDelegate.swift in Sources */,
			);
			runOnlyForDeploymentPostprocessing = 0;
		};
/* End PBXSourcesBuildPhase section */

/* Begin PBXVariantGroup section */
		F102C73728930C9000C6B6AD /* Main.storyboard */ = {
			isa = PBXVariantGroup;
			children = (
				F102C73828930C9000C6B6AD /* Base */,
			);
			name = Main.storyboard;
			sourceTree = "<group>";
		};
		F102C73C28930C9400C6B6AD /* LaunchScreen.storyboard */ = {
			isa = PBXVariantGroup;
			children = (
				F102C73D28930C9400C6B6AD /* Base */,
			);
			name = LaunchScreen.storyboard;
			sourceTree = "<group>";
		};
/* End PBXVariantGroup section */

/* Begin XCBuildConfiguration section */
		F102C74028930C9400C6B6AD /* Debug */ = {
			isa = XCBuildConfiguration;
			buildSettings = {
				ALWAYS_SEARCH_USER_PATHS = NO;
				CLANG_ANALYZER_NONNULL = YES;
				CLANG_ANALYZER_NUMBER_OBJECT_CONVERSION = YES_AGGRESSIVE;
				CLANG_CXX_LANGUAGE_STANDARD = "gnu++17";
				CLANG_ENABLE_MODULES = YES;
				CLANG_ENABLE_OBJC_ARC = YES;
				CLANG_ENABLE_OBJC_WEAK = YES;
				CLANG_WARN_BLOCK_CAPTURE_AUTORELEASING = YES;
				CLANG_WARN_BOOL_CONVERSION = YES;
				CLANG_WARN_COMMA = YES;
				CLANG_WARN_CONSTANT_CONVERSION = YES;
				CLANG_WARN_DEPRECATED_OBJC_IMPLEMENTATIONS = YES;
				CLANG_WARN_DIRECT_OBJC_ISA_USAGE = YES_ERROR;
				CLANG_WARN_DOCUMENTATION_COMMENTS = YES;
				CLANG_WARN_EMPTY_BODY = YES;
				CLANG_WARN_ENUM_CONVERSION = YES;
				CLANG_WARN_INFINITE_RECURSION = YES;
				CLANG_WARN_INT_CONVERSION = YES;
				CLANG_WARN_NON_LITERAL_NULL_CONVERSION = YES;
				CLANG_WARN_OBJC_IMPLICIT_RETAIN_SELF = YES;
				CLANG_WARN_OBJC_LITERAL_CONVERSION = YES;
				CLANG_WARN_OBJC_ROOT_CLASS = YES_ERROR;
				CLANG_WARN_QUOTED_INCLUDE_IN_FRAMEWORK_HEADER = YES;
				CLANG_WARN_RANGE_LOOP_ANALYSIS = YES;
				CLANG_WARN_STRICT_PROTOTYPES = YES;
				CLANG_WARN_SUSPICIOUS_MOVE = YES;
				CLANG_WARN_UNGUARDED_AVAILABILITY = YES_AGGRESSIVE;
				CLANG_WARN_UNREACHABLE_CODE = YES;
				CLANG_WARN__DUPLICATE_METHOD_MATCH = YES;
				COPY_PHASE_STRIP = NO;
				DEBUG_INFORMATION_FORMAT = dwarf;
				ENABLE_STRICT_OBJC_MSGSEND = YES;
				ENABLE_TESTABILITY = YES;
				GCC_C_LANGUAGE_STANDARD = gnu11;
				GCC_DYNAMIC_NO_PIC = NO;
				GCC_NO_COMMON_BLOCKS = YES;
				GCC_OPTIMIZATION_LEVEL = 0;
				GCC_PREPROCESSOR_DEFINITIONS = (
					"DEBUG=1",
					"$(inherited)",
				);
				GCC_WARN_64_TO_32_BIT_CONVERSION = YES;
				GCC_WARN_ABOUT_RETURN_TYPE = YES_ERROR;
				GCC_WARN_UNDECLARED_SELECTOR = YES;
				GCC_WARN_UNINITIALIZED_AUTOS = YES_AGGRESSIVE;
				GCC_WARN_UNUSED_FUNCTION = YES;
				GCC_WARN_UNUSED_VARIABLE = YES;
				IPHONEOS_DEPLOYMENT_TARGET = 15.5;
				MTL_ENABLE_DEBUG_INFO = INCLUDE_SOURCE;
				MTL_FAST_MATH = YES;
				ONLY_ACTIVE_ARCH = YES;
				SDKROOT = iphoneos;
				SWIFT_ACTIVE_COMPILATION_CONDITIONS = DEBUG;
				SWIFT_OPTIMIZATION_LEVEL = "-Onone";
			};
			name = Debug;
		};
		F102C74128930C9400C6B6AD /* Release */ = {
			isa = XCBuildConfiguration;
			buildSettings = {
				ALWAYS_SEARCH_USER_PATHS = NO;
				CLANG_ANALYZER_NONNULL = YES;
				CLANG_ANALYZER_NUMBER_OBJECT_CONVERSION = YES_AGGRESSIVE;
				CLANG_CXX_LANGUAGE_STANDARD = "gnu++17";
				CLANG_ENABLE_MODULES = YES;
				CLANG_ENABLE_OBJC_ARC = YES;
				CLANG_ENABLE_OBJC_WEAK = YES;
				CLANG_WARN_BLOCK_CAPTURE_AUTORELEASING = YES;
				CLANG_WARN_BOOL_CONVERSION = YES;
				CLANG_WARN_COMMA = YES;
				CLANG_WARN_CONSTANT_CONVERSION = YES;
				CLANG_WARN_DEPRECATED_OBJC_IMPLEMENTATIONS = YES;
				CLANG_WARN_DIRECT_OBJC_ISA_USAGE = YES_ERROR;
				CLANG_WARN_DOCUMENTATION_COMMENTS = YES;
				CLANG_WARN_EMPTY_BODY = YES;
				CLANG_WARN_ENUM_CONVERSION = YES;
				CLANG_WARN_INFINITE_RECURSION = YES;
				CLANG_WARN_INT_CONVERSION = YES;
				CLANG_WARN_NON_LITERAL_NULL_CONVERSION = YES;
				CLANG_WARN_OBJC_IMPLICIT_RETAIN_SELF = YES;
				CLANG_WARN_OBJC_LITERAL_CONVERSION = YES;
				CLANG_WARN_OBJC_ROOT_CLASS = YES_ERROR;
				CLANG_WARN_QUOTED_INCLUDE_IN_FRAMEWORK_HEADER = YES;
				CLANG_WARN_RANGE_LOOP_ANALYSIS = YES;
				CLANG_WARN_STRICT_PROTOTYPES = YES;
				CLANG_WARN_SUSPICIOUS_MOVE = YES;
				CLANG_WARN_UNGUARDED_AVAILABILITY = YES_AGGRESSIVE;
				CLANG_WARN_UNREACHABLE_CODE = YES;
				CLANG_WARN__DUPLICATE_METHOD_MATCH = YES;
				COPY_PHASE_STRIP = NO;
				DEBUG_INFORMATION_FORMAT = "dwarf-with-dsym";
				ENABLE_NS_ASSERTIONS = NO;
				ENABLE_STRICT_OBJC_MSGSEND = YES;
				GCC_C_LANGUAGE_STANDARD = gnu11;
				GCC_NO_COMMON_BLOCKS = YES;
				GCC_WARN_64_TO_32_BIT_CONVERSION = YES;
				GCC_WARN_ABOUT_RETURN_TYPE = YES_ERROR;
				GCC_WARN_UNDECLARED_SELECTOR = YES;
				GCC_WARN_UNINITIALIZED_AUTOS = YES_AGGRESSIVE;
				GCC_WARN_UNUSED_FUNCTION = YES;
				GCC_WARN_UNUSED_VARIABLE = YES;
				IPHONEOS_DEPLOYMENT_TARGET = 15.5;
				MTL_ENABLE_DEBUG_INFO = NO;
				MTL_FAST_MATH = YES;
				SDKROOT = iphoneos;
				SWIFT_COMPILATION_MODE = wholemodule;
				SWIFT_OPTIMIZATION_LEVEL = "-O";
				VALIDATE_PRODUCT = YES;
			};
			name = Release;
		};
		F102C74328930C9400C6B6AD /* Debug */ = {
			isa = XCBuildConfiguration;
			buildSettings = {
				ASSETCATALOG_COMPILER_APPICON_NAME = AppIcon;
				ASSETCATALOG_COMPILER_GLOBAL_ACCENT_COLOR_NAME = AccentColor;
				CODE_SIGN_STYLE = Automatic;
				CURRENT_PROJECT_VERSION = 1;
				GENERATE_INFOPLIST_FILE = YES;
				INFOPLIST_FILE = tableSelectMaxNumber/Info.plist;
				INFOPLIST_KEY_UIApplicationSupportsIndirectInputEvents = YES;
				INFOPLIST_KEY_UILaunchStoryboardName = LaunchScreen;
				INFOPLIST_KEY_UIMainStoryboardFile = Main;
				INFOPLIST_KEY_UISupportedInterfaceOrientations_iPad = "UIInterfaceOrientationPortrait UIInterfaceOrientationPortraitUpsideDown UIInterfaceOrientationLandscapeLeft UIInterfaceOrientationLandscapeRight";
				INFOPLIST_KEY_UISupportedInterfaceOrientations_iPhone = "UIInterfaceOrientationPortrait UIInterfaceOrientationLandscapeLeft UIInterfaceOrientationLandscapeRight";
				LD_RUNPATH_SEARCH_PATHS = (
					"$(inherited)",
					"@executable_path/Frameworks",
				);
				MARKETING_VERSION = 1.0;
				PRODUCT_BUNDLE_IDENTIFIER = com.customview.www.tableSelectMaxNumber;
				PRODUCT_NAME = "$(TARGET_NAME)";
				SWIFT_EMIT_LOC_STRINGS = YES;
				SWIFT_VERSION = 5.0;
				TARGETED_DEVICE_FAMILY = "1,2";
			};
			name = Debug;
		};
		F102C74428930C9400C6B6AD /* Release */ = {
			isa = XCBuildConfiguration;
			buildSettings = {
				ASSETCATALOG_COMPILER_APPICON_NAME = AppIcon;
				ASSETCATALOG_COMPILER_GLOBAL_ACCENT_COLOR_NAME = AccentColor;
				CODE_SIGN_STYLE = Automatic;
				CURRENT_PROJECT_VERSION = 1;
				GENERATE_INFOPLIST_FILE = YES;
				INFOPLIST_FILE = tableSelectMaxNumber/Info.plist;
				INFOPLIST_KEY_UIApplicationSupportsIndirectInputEvents = YES;
				INFOPLIST_KEY_UILaunchStoryboardName = LaunchScreen;
				INFOPLIST_KEY_UIMainStoryboardFile = Main;
				INFOPLIST_KEY_UISupportedInterfaceOrientations_iPad = "UIInterfaceOrientationPortrait UIInterfaceOrientationPortraitUpsideDown UIInterfaceOrientationLandscapeLeft UIInterfaceOrientationLandscapeRight";
				INFOPLIST_KEY_UISupportedInterfaceOrientations_iPhone = "UIInterfaceOrientationPortrait UIInterfaceOrientationLandscapeLeft UIInterfaceOrientationLandscapeRight";
				LD_RUNPATH_SEARCH_PATHS = (
					"$(inherited)",
					"@executable_path/Frameworks",
				);
				MARKETING_VERSION = 1.0;
				PRODUCT_BUNDLE_IDENTIFIER = com.customview.www.tableSelectMaxNumber;
				PRODUCT_NAME = "$(TARGET_NAME)";
				SWIFT_EMIT_LOC_STRINGS = YES;
				SWIFT_VERSION = 5.0;
				TARGETED_DEVICE_FAMILY = "1,2";
			};
			name = Release;
		};
/* End XCBuildConfiguration section */

/* Begin XCConfigurationList section */
		F102C72928930C9000C6B6AD /* Build configuration list for PBXProject "tableSelectMaxNumber" */ = {
			isa = XCConfigurationList;
			buildConfigurations = (
				F102C74028930C9400C6B6AD /* Debug */,
				F102C74128930C9400C6B6AD /* Release */,
			);
			defaultConfigurationIsVisible = 0;
			defaultConfigurationName = Release;
		};
		F102C74228930C9400C6B6AD /* Build configuration list for PBXNativeTarget "tableSelectMaxNumber" */ = {
			isa = XCConfigurationList;
			buildConfigurations = (
				F102C74328930C9400C6B6AD /* Debug */,
				F102C74428930C9400C6B6AD /* Release */,
			);
			defaultConfigurationIsVisible = 0;
			defaultConfigurationName = Release;
		};
/* End XCConfigurationList section */
	};
	rootObject = F102C72628930C9000C6B6AD /* Project object */;
}
